
Microsoft Visual Studio Solution File, Format Version 12.00
# Visual Studio Version 16
VisualStudioVersion = 16.0.31613.86
MinimumVisualStudioVersion = 10.0.40219.1
Project("{FAE04EC0-301F-11D3-BF4B-00C04F79EFBC}") = "Lists_Homework_Prac", "Lists_Homework_Prac\Lists_Homework_Prac.csproj", "{FF2CCFDB-2E0B-46AA-AC82-D4D37A50E3CB}"
EndProject
Global
	GlobalSection(SolutionConfigurationPlatforms) = preSolution
		Debug|Any CPU = Debug|Any CPU
		Release|Any CPU = Release|Any CPU
	EndGlobalSection
	GlobalSection(ProjectConfigurationPlatforms) = postSolution
		{FF2CCFDB-2E0B-46AA-AC82-D4D37A50E3CB}.Debug|Any CPU.ActiveCfg = Debug|Any CPU
		{FF2CCFDB-2E0B-46AA-AC82-D4D37A50E3CB}.Debug|Any CPU.Build.0 = Debug|Any CPU
		{FF2CCFDB-2E0B-46AA-AC82-D4D37A50E3CB}.Release|Any CPU.ActiveCfg = Release|Any CPU
		{FF2CCFDB-2E0B-46AA-AC82-D4D37A50E3CB}.Release|Any CPU.Build.0 = Release|Any CPU
	EndGlobalSection
	GlobalSection(SolutionProperties) = preSolution
		HideSolutionNode = FALSE
	EndGlobalSection
	GlobalSection(ExtensibilityGlobals) = postSolution
		SolutionGuid = {BFA6F6E8-B3FB-467A-9652-0F72066F443C}
	EndGlobalSection
EndGlobal
