
Microsoft Visual Studio Solution File, Format Version 12.00
# Visual Studio Version 16
VisualStudioVersion = 16.0.31613.86
MinimumVisualStudioVersion = 10.0.40219.1
Project("{FAE04EC0-301F-11D3-BF4B-00C04F79EFBC}") = "Processing_a_CSV_File", "Processing_a_CSV_File\Processing_a_CSV_File.csproj", "{C55DE57F-57D4-4F5B-B9AC-F2E72962D619}"
EndProject
Global
	GlobalSection(SolutionConfigurationPlatforms) = preSolution
		Debug|Any CPU = Debug|Any CPU
		Release|Any CPU = Release|Any CPU
	EndGlobalSection
	GlobalSection(ProjectConfigurationPlatforms) = postSolution
		{C55DE57F-57D4-4F5B-B9AC-F2E72962D619}.Debug|Any CPU.ActiveCfg = Debug|Any CPU
		{C55DE57F-57D4-4F5B-B9AC-F2E72962D619}.Debug|Any CPU.Build.0 = Debug|Any CPU
		{C55DE57F-57D4-4F5B-B9AC-F2E72962D619}.Release|Any CPU.ActiveCfg = Release|Any CPU
		{C55DE57F-57D4-4F5B-B9AC-F2E72962D619}.Release|Any CPU.Build.0 = Release|Any CPU
	EndGlobalSection
	GlobalSection(SolutionProperties) = preSolution
		HideSolutionNode = FALSE
	EndGlobalSection
	GlobalSection(ExtensibilityGlobals) = postSolution
		SolutionGuid = {1D5A9A63-3538-48FD-ADB4-3CCBF55E95A7}
	EndGlobalSection
EndGlobal
