
Microsoft Visual Studio Solution File, Format Version 12.00
# Visual Studio Version 16
VisualStudioVersion = 16.0.31613.86
MinimumVisualStudioVersion = 10.0.40219.1
Project("{FAE04EC0-301F-11D3-BF4B-00C04F79EFBC}") = "Lists_Participation_Practice", "Lists_Participation_Practice\Lists_Participation_Practice.csproj", "{EAED67F9-3842-43D8-BE09-AB915533493F}"
EndProject
Global
	GlobalSection(SolutionConfigurationPlatforms) = preSolution
		Debug|Any CPU = Debug|Any CPU
		Release|Any CPU = Release|Any CPU
	EndGlobalSection
	GlobalSection(ProjectConfigurationPlatforms) = postSolution
		{EAED67F9-3842-43D8-BE09-AB915533493F}.Debug|Any CPU.ActiveCfg = Debug|Any CPU
		{EAED67F9-3842-43D8-BE09-AB915533493F}.Debug|Any CPU.Build.0 = Debug|Any CPU
		{EAED67F9-3842-43D8-BE09-AB915533493F}.Release|Any CPU.ActiveCfg = Release|Any CPU
		{EAED67F9-3842-43D8-BE09-AB915533493F}.Release|Any CPU.Build.0 = Release|Any CPU
	EndGlobalSection
	GlobalSection(SolutionProperties) = preSolution
		HideSolutionNode = FALSE
	EndGlobalSection
	GlobalSection(ExtensibilityGlobals) = postSolution
		SolutionGuid = {959E62BC-346F-477E-94A9-C0B6E76CD278}
	EndGlobalSection
EndGlobal
