
Microsoft Visual Studio Solution File, Format Version 12.00
# Visual Studio Version 16
VisualStudioVersion = 16.0.31613.86
MinimumVisualStudioVersion = 10.0.40219.1
Project("{FAE04EC0-301F-11D3-BF4B-00C04F79EFBC}") = "Participation_Practice_Strings_1", "Participation_Practice_Strings_1\Participation_Practice_Strings_1.csproj", "{7A7960AC-9C44-4136-9CCF-EADC29AFDE7E}"
EndProject
Global
	GlobalSection(SolutionConfigurationPlatforms) = preSolution
		Debug|Any CPU = Debug|Any CPU
		Release|Any CPU = Release|Any CPU
	EndGlobalSection
	GlobalSection(ProjectConfigurationPlatforms) = postSolution
		{7A7960AC-9C44-4136-9CCF-EADC29AFDE7E}.Debug|Any CPU.ActiveCfg = Debug|Any CPU
		{7A7960AC-9C44-4136-9CCF-EADC29AFDE7E}.Debug|Any CPU.Build.0 = Debug|Any CPU
		{7A7960AC-9C44-4136-9CCF-EADC29AFDE7E}.Release|Any CPU.ActiveCfg = Release|Any CPU
		{7A7960AC-9C44-4136-9CCF-EADC29AFDE7E}.Release|Any CPU.Build.0 = Release|Any CPU
	EndGlobalSection
	GlobalSection(SolutionProperties) = preSolution
		HideSolutionNode = FALSE
	EndGlobalSection
	GlobalSection(ExtensibilityGlobals) = postSolution
		SolutionGuid = {2D285E44-DEC3-47E1-9408-AACC08AA545B}
	EndGlobalSection
EndGlobal
