
Microsoft Visual Studio Solution File, Format Version 12.00
# Visual Studio Version 16
VisualStudioVersion = 16.0.31613.86
MinimumVisualStudioVersion = 10.0.40219.1
Project("{FAE04EC0-301F-11D3-BF4B-00C04F79EFBC}") = "collection_lists", "collection_lists\collection_lists.csproj", "{8B6B2F11-F9C4-4837-9B4A-10255B6E37C3}"
EndProject
Global
	GlobalSection(SolutionConfigurationPlatforms) = preSolution
		Debug|Any CPU = Debug|Any CPU
		Release|Any CPU = Release|Any CPU
	EndGlobalSection
	GlobalSection(ProjectConfigurationPlatforms) = postSolution
		{8B6B2F11-F9C4-4837-9B4A-10255B6E37C3}.Debug|Any CPU.ActiveCfg = Debug|Any CPU
		{8B6B2F11-F9C4-4837-9B4A-10255B6E37C3}.Debug|Any CPU.Build.0 = Debug|Any CPU
		{8B6B2F11-F9C4-4837-9B4A-10255B6E37C3}.Release|Any CPU.ActiveCfg = Release|Any CPU
		{8B6B2F11-F9C4-4837-9B4A-10255B6E37C3}.Release|Any CPU.Build.0 = Release|Any CPU
	EndGlobalSection
	GlobalSection(SolutionProperties) = preSolution
		HideSolutionNode = FALSE
	EndGlobalSection
	GlobalSection(ExtensibilityGlobals) = postSolution
		SolutionGuid = {31222262-C984-4AC0-ACA4-05ED740E3489}
	EndGlobalSection
EndGlobal
